// !$*UTF8*$!
{
	archiveVersion = 1;
	classes = {
	};
	objectVersion = 50;
	objects = {

/* Begin PBXBuildFile section */
		2CA79DE4223C62A600702955 /* SignInViewController.swift in Sources */ = {isa = PBXBuildFile; fileRef = 2CA79DE3223C62A600702955 /* SignInViewController.swift */; };
		2CA79DE6223C632B00702955 /* SignUpViewController.swift in Sources */ = {isa = PBXBuildFile; fileRef = 2CA79DE5223C632B00702955 /* SignUpViewController.swift */; };
		2CA79DE8223C643800702955 /* HomeViewController.swift in Sources */ = {isa = PBXBuildFile; fileRef = 2CA79DE7223C643800702955 /* HomeViewController.swift */; };
		9B2E4A082241A9380010CEEF /* profile.png in Resources */ = {isa = PBXBuildFile; fileRef = 9B2E4A062241A9380010CEEF /* profile.png */; };
		9B2E4A092241A9380010CEEF /* menu.png in Resources */ = {isa = PBXBuildFile; fileRef = 9B2E4A072241A9380010CEEF /* menu.png */; };
		9B9B318A2232065A0041BE8B /* AppDelegate.swift in Sources */ = {isa = PBXBuildFile; fileRef = 9B9B31892232065A0041BE8B /* AppDelegate.swift */; };
		9B9B318F2232065A0041BE8B /* Main.storyboard in Resources */ = {isa = PBXBuildFile; fileRef = 9B9B318D2232065A0041BE8B /* Main.storyboard */; };
		9B9B31912232065B0041BE8B /* Assets.xcassets in Resources */ = {isa = PBXBuildFile; fileRef = 9B9B31902232065B0041BE8B /* Assets.xcassets */; };
		9B9B31942232065B0041BE8B /* LaunchScreen.storyboard in Resources */ = {isa = PBXBuildFile; fileRef = 9B9B31922232065B0041BE8B /* LaunchScreen.storyboard */; };
		9BD4DE412237091900B11DEA /* transparent cart.png in Resources */ = {isa = PBXBuildFile; fileRef = 9BD4DE402237091900B11DEA /* transparent cart.png */; };
		C6EBF684223DAE050009F143 /* GoogleService-Info.plist in Resources */ = {isa = PBXBuildFile; fileRef = C6EBF683223DAE040009F143 /* GoogleService-Info.plist */; };
		DE972959F42BE29E31D876A1 /* Pods_Shopping_App.framework in Frameworks */ = {isa = PBXBuildFile; fileRef = 167588636761A6DACD8F5DEE /* Pods_Shopping_App.framework */; };
/* End PBXBuildFile section */

/* Begin PBXFileReference section */
		167588636761A6DACD8F5DEE /* Pods_Shopping_App.framework */ = {isa = PBXFileReference; explicitFileType = wrapper.framework; includeInIndex = 0; path = Pods_Shopping_App.framework; sourceTree = BUILT_PRODUCTS_DIR; };
		26A092D92CF701E7AE9D13CF /* Pods-Shopping App.release.xcconfig */ = {isa = PBXFileReference; includeInIndex = 1; lastKnownFileType = text.xcconfig; name = "Pods-Shopping App.release.xcconfig"; path = "Target Support Files/Pods-Shopping App/Pods-Shopping App.release.xcconfig"; sourceTree = "<group>"; };
		2CA79DE3223C62A600702955 /* SignInViewController.swift */ = {isa = PBXFileReference; lastKnownFileType = sourcecode.swift; path = SignInViewController.swift; sourceTree = "<group>"; };
		2CA79DE5223C632B00702955 /* SignUpViewController.swift */ = {isa = PBXFileReference; lastKnownFileType = sourcecode.swift; path = SignUpViewController.swift; sourceTree = "<group>"; };
		2CA79DE7223C643800702955 /* HomeViewController.swift */ = {isa = PBXFileReference; lastKnownFileType = sourcecode.swift; path = HomeViewController.swift; sourceTree = "<group>"; };
		9B2E4A062241A9380010CEEF /* profile.png */ = {isa = PBXFileReference; lastKnownFileType = image.png; path = profile.png; sourceTree = "<group>"; };
		9B2E4A072241A9380010CEEF /* menu.png */ = {isa = PBXFileReference; lastKnownFileType = image.png; path = menu.png; sourceTree = "<group>"; };
		9B9B31862232065A0041BE8B /* Shopping App.app */ = {isa = PBXFileReference; explicitFileType = wrapper.application; includeInIndex = 0; path = "Shopping App.app"; sourceTree = BUILT_PRODUCTS_DIR; };
		9B9B31892232065A0041BE8B /* AppDelegate.swift */ = {isa = PBXFileReference; lastKnownFileType = sourcecode.swift; path = AppDelegate.swift; sourceTree = "<group>"; };
		9B9B318E2232065A0041BE8B /* Base */ = {isa = PBXFileReference; lastKnownFileType = file.storyboard; name = Base; path = Base.lproj/Main.storyboard; sourceTree = "<group>"; };
		9B9B31902232065B0041BE8B /* Assets.xcassets */ = {isa = PBXFileReference; lastKnownFileType = folder.assetcatalog; path = Assets.xcassets; sourceTree = "<group>"; };
		9B9B31932232065B0041BE8B /* Base */ = {isa = PBXFileReference; lastKnownFileType = file.storyboard; name = Base; path = Base.lproj/LaunchScreen.storyboard; sourceTree = "<group>"; };
		9B9B31952232065B0041BE8B /* Info.plist */ = {isa = PBXFileReference; lastKnownFileType = text.plist.xml; path = Info.plist; sourceTree = "<group>"; };
		9BD4DE402237091900B11DEA /* transparent cart.png */ = {isa = PBXFileReference; lastKnownFileType = image.png; path = "transparent cart.png"; sourceTree = "<group>"; };
		A0D5B870111A9D14507321A8 /* Pods-Shopping App.debug.xcconfig */ = {isa = PBXFileReference; includeInIndex = 1; lastKnownFileType = text.xcconfig; name = "Pods-Shopping App.debug.xcconfig"; path = "Target Support Files/Pods-Shopping App/Pods-Shopping App.debug.xcconfig"; sourceTree = "<group>"; };
		C6EBF683223DAE040009F143 /* GoogleService-Info.plist */ = {isa = PBXFileReference; fileEncoding = 4; lastKnownFileType = text.plist.xml; path = "GoogleService-Info.plist"; sourceTree = "<group>"; };
/* End PBXFileReference section */

/* Begin PBXFrameworksBuildPhase section */
		9B9B31832232065A0041BE8B /* Frameworks */ = {
			isa = PBXFrameworksBuildPhase;
			buildActionMask = 2147483647;
			files = (
				DE972959F42BE29E31D876A1 /* Pods_Shopping_App.framework in Frameworks */,
			);
			runOnlyForDeploymentPostprocessing = 0;
		};
/* End PBXFrameworksBuildPhase section */

/* Begin PBXGroup section */
		20ACF69437B559420F4B27CE /* Frameworks */ = {
			isa = PBXGroup;
			children = (
				167588636761A6DACD8F5DEE /* Pods_Shopping_App.framework */,
			);
			name = Frameworks;
			sourceTree = "<group>";
		};
		6C263A85CFF207AEDDE44359 /* Pods */ = {
			isa = PBXGroup;
			children = (
				A0D5B870111A9D14507321A8 /* Pods-Shopping App.debug.xcconfig */,
				26A092D92CF701E7AE9D13CF /* Pods-Shopping App.release.xcconfig */,
			);
			path = Pods;
			sourceTree = "<group>";
		};
		9B2E4A052241A9260010CEEF /* Images */ = {
			isa = PBXGroup;
			children = (
				9B2E4A072241A9380010CEEF /* menu.png */,
				9B2E4A062241A9380010CEEF /* profile.png */,
			);
			path = Images;
			sourceTree = "<group>";
		};
		9B9B317D2232065A0041BE8B = {
			isa = PBXGroup;
			children = (
				9B9B31882232065A0041BE8B /* Shopping App */,
				9B9B31872232065A0041BE8B /* Products */,
				6C263A85CFF207AEDDE44359 /* Pods */,
				20ACF69437B559420F4B27CE /* Frameworks */,
			);
			sourceTree = "<group>";
		};
		9B9B31872232065A0041BE8B /* Products */ = {
			isa = PBXGroup;
			children = (
				9B9B31862232065A0041BE8B /* Shopping App.app */,
			);
			name = Products;
			sourceTree = "<group>";
		};
		9B9B31882232065A0041BE8B /* Shopping App */ = {
			isa = PBXGroup;
			children = (
				9B2E4A052241A9260010CEEF /* Images */,
				9B9B31892232065A0041BE8B /* AppDelegate.swift */,
				2CA79DE3223C62A600702955 /* SignInViewController.swift */,
				9B9B318D2232065A0041BE8B /* Main.storyboard */,
				9B9B31902232065B0041BE8B /* Assets.xcassets */,
				2CA79DE7223C643800702955 /* HomeViewController.swift */,
				2CA79DE5223C632B00702955 /* SignUpViewController.swift */,
				9B9B31922232065B0041BE8B /* LaunchScreen.storyboard */,
				9B9B31952232065B0041BE8B /* Info.plist */,
				9BD4DE402237091900B11DEA /* transparent cart.png */,
				C6EBF683223DAE040009F143 /* GoogleService-Info.plist */,
			);
			path = "Shopping App";
			sourceTree = "<group>";
		};
/* End PBXGroup section */

/* Begin PBXNativeTarget section */
		9B9B31852232065A0041BE8B /* Shopping App */ = {
			isa = PBXNativeTarget;
			buildConfigurationList = 9B9B31982232065B0041BE8B /* Build configuration list for PBXNativeTarget "Shopping App" */;
			buildPhases = (
				40740904F5D1656089C53F40 /* [CP] Check Pods Manifest.lock */,
				9B9B31822232065A0041BE8B /* Sources */,
				9B9B31832232065A0041BE8B /* Frameworks */,
				9B9B31842232065A0041BE8B /* Resources */,
				D2338EF710F8BC8E1BBFA1E9 /* [CP] Embed Pods Frameworks */,
				2DCCAA030B1A5DB6EA524DEB /* [CP] Copy Pods Resources */,
			);
			buildRules = (
			);
			dependencies = (
			);
			name = "Shopping App";
			productName = "Shopping App";
			productReference = 9B9B31862232065A0041BE8B /* Shopping App.app */;
			productType = "com.apple.product-type.application";
		};
/* End PBXNativeTarget section */

/* Begin PBXProject section */
		9B9B317E2232065A0041BE8B /* Project object */ = {
			isa = PBXProject;
			attributes = {
				LastSwiftUpdateCheck = 1010;
				LastUpgradeCheck = 1010;
				ORGANIZATIONNAME = Ilyas;
				TargetAttributes = {
					9B9B31852232065A0041BE8B = {
						CreatedOnToolsVersion = 10.1;
					};
				};
			};
			buildConfigurationList = 9B9B31812232065A0041BE8B /* Build configuration list for PBXProject "Shopping App" */;
			compatibilityVersion = "Xcode 9.3";
			developmentRegion = en;
			hasScannedForEncodings = 0;
			knownRegions = (
				en,
				Base,
			);
			mainGroup = 9B9B317D2232065A0041BE8B;
			productRefGroup = 9B9B31872232065A0041BE8B /* Products */;
			projectDirPath = "";
			projectRoot = "";
			targets = (
				9B9B31852232065A0041BE8B /* Shopping App */,
			);
		};
/* End PBXProject section */

/* Begin PBXResourcesBuildPhase section */
		9B9B31842232065A0041BE8B /* Resources */ = {
			isa = PBXResourcesBuildPhase;
			buildActionMask = 2147483647;
			files = (
				9B9B31942232065B0041BE8B /* LaunchScreen.storyboard in Resources */,
				9B2E4A082241A9380010CEEF /* profile.png in Resources */,
				9B9B31912232065B0041BE8B /* Assets.xcassets in Resources */,
				C6EBF684223DAE050009F143 /* GoogleService-Info.plist in Resources */,
				9B2E4A092241A9380010CEEF /* menu.png in Resources */,
				9B9B318F2232065A0041BE8B /* Main.storyboard in Resources */,
				9BD4DE412237091900B11DEA /* transparent cart.png in Resources */,
			);
			runOnlyForDeploymentPostprocessing = 0;
		};
/* End PBXResourcesBuildPhase section */

/* Begin PBXShellScriptBuildPhase section */
		2DCCAA030B1A5DB6EA524DEB /* [CP] Copy Pods Resources */ = {
			isa = PBXShellScriptBuildPhase;
			buildActionMask = 2147483647;
			files = (
			);
			inputFileListPaths = (
			);
			inputPaths = (
				"${PODS_ROOT}/Target Support Files/Pods-Shopping App/Pods-Shopping App-resources.sh",
				"${PODS_ROOT}/GoogleSignIn/Resources/GoogleSignIn.bundle",
			);
			name = "[CP] Copy Pods Resources";
			outputFileListPaths = (
			);
			outputPaths = (
				"${TARGET_BUILD_DIR}/${UNLOCALIZED_RESOURCES_FOLDER_PATH}/GoogleSignIn.bundle",
			);
			runOnlyForDeploymentPostprocessing = 0;
			shellPath = /bin/sh;
			shellScript = "\"${PODS_ROOT}/Target Support Files/Pods-Shopping App/Pods-Shopping App-resources.sh\"\n";
			showEnvVarsInLog = 0;
		};
		40740904F5D1656089C53F40 /* [CP] Check Pods Manifest.lock */ = {
			isa = PBXShellScriptBuildPhase;
			buildActionMask = 2147483647;
			files = (
			);
			inputFileListPaths = (
			);
			inputPaths = (
				"${PODS_PODFILE_DIR_PATH}/Podfile.lock",
				"${PODS_ROOT}/Manifest.lock",
			);
			name = "[CP] Check Pods Manifest.lock";
			outputFileListPaths = (
			);
			outputPaths = (
				"$(DERIVED_FILE_DIR)/Pods-Shopping App-checkManifestLockResult.txt",
			);
			runOnlyForDeploymentPostprocessing = 0;
			shellPath = /bin/sh;
			shellScript = "diff \"${PODS_PODFILE_DIR_PATH}/Podfile.lock\" \"${PODS_ROOT}/Manifest.lock\" > /dev/null\nif [ $? != 0 ] ; then\n    # print error to STDERR\n    echo \"error: The sandbox is not in sync with the Podfile.lock. Run 'pod install' or update your CocoaPods installation.\" >&2\n    exit 1\nfi\n# This output is used by Xcode 'outputs' to avoid re-running this script phase.\necho \"SUCCESS\" > \"${SCRIPT_OUTPUT_FILE_0}\"\n";
			showEnvVarsInLog = 0;
		};
		D2338EF710F8BC8E1BBFA1E9 /* [CP] Embed Pods Frameworks */ = {
			isa = PBXShellScriptBuildPhase;
			buildActionMask = 2147483647;
			files = (
			);
			inputFileListPaths = (
			);
			inputPaths = (
				"${PODS_ROOT}/Target Support Files/Pods-Shopping App/Pods-Shopping App-frameworks.sh",
				"${BUILT_PRODUCTS_DIR}/GTMSessionFetcher/GTMSessionFetcher.framework",
				"${BUILT_PRODUCTS_DIR}/GoogleToolboxForMac/GoogleToolboxForMac.framework",
				"${BUILT_PRODUCTS_DIR}/GoogleUtilities/GoogleUtilities.framework",
				"${BUILT_PRODUCTS_DIR}/nanopb/nanopb.framework",
			);
			name = "[CP] Embed Pods Frameworks";
			outputFileListPaths = (
			);
			outputPaths = (
				"${TARGET_BUILD_DIR}/${FRAMEWORKS_FOLDER_PATH}/GTMSessionFetcher.framework",
				"${TARGET_BUILD_DIR}/${FRAMEWORKS_FOLDER_PATH}/GoogleToolboxForMac.framework",
				"${TARGET_BUILD_DIR}/${FRAMEWORKS_FOLDER_PATH}/GoogleUtilities.framework",
				"${TARGET_BUILD_DIR}/${FRAMEWORKS_FOLDER_PATH}/nanopb.framework",
			);
			runOnlyForDeploymentPostprocessing = 0;
			shellPath = /bin/sh;
			shellScript = "\"${PODS_ROOT}/Target Support Files/Pods-Shopping App/Pods-Shopping App-frameworks.sh\"\n";
			showEnvVarsInLog = 0;
		};
/* End PBXShellScriptBuildPhase section */

/* Begin PBXSourcesBuildPhase section */
		9B9B31822232065A0041BE8B /* Sources */ = {
			isa = PBXSourcesBuildPhase;
			buildActionMask = 2147483647;
			files = (
				2CA79DE8223C643800702955 /* HomeViewController.swift in Sources */,
				9B9B318A2232065A0041BE8B /* AppDelegate.swift in Sources */,
				2CA79DE6223C632B00702955 /* SignUpViewController.swift in Sources */,
				2CA79DE4223C62A600702955 /* SignInViewController.swift in Sources */,
			);
			runOnlyForDeploymentPostprocessing = 0;
		};
/* End PBXSourcesBuildPhase section */

/* Begin PBXVariantGroup section */
		9B9B318D2232065A0041BE8B /* Main.storyboard */ = {
			isa = PBXVariantGroup;
			children = (
				9B9B318E2232065A0041BE8B /* Base */,
			);
			name = Main.storyboard;
			sourceTree = "<group>";
		};
		9B9B31922232065B0041BE8B /* LaunchScreen.storyboard */ = {
			isa = PBXVariantGroup;
			children = (
				9B9B31932232065B0041BE8B /* Base */,
			);
			name = LaunchScreen.storyboard;
			sourceTree = "<group>";
		};
/* End PBXVariantGroup section */

/* Begin XCBuildConfiguration section */
		9B9B31962232065B0041BE8B /* Debug */ = {
			isa = XCBuildConfiguration;
			buildSettings = {
				ALWAYS_SEARCH_USER_PATHS = NO;
				CLANG_ANALYZER_NONNULL = YES;
				CLANG_ANALYZER_NUMBER_OBJECT_CONVERSION = YES_AGGRESSIVE;
				CLANG_CXX_LANGUAGE_STANDARD = "gnu++14";
				CLANG_CXX_LIBRARY = "libc++";
				CLANG_ENABLE_MODULES = YES;
				CLANG_ENABLE_OBJC_ARC = YES;
				CLANG_ENABLE_OBJC_WEAK = YES;
				CLANG_WARN_BLOCK_CAPTURE_AUTORELEASING = YES;
				CLANG_WARN_BOOL_CONVERSION = YES;
				CLANG_WARN_COMMA = YES;
				CLANG_WARN_CONSTANT_CONVERSION = YES;
				CLANG_WARN_DEPRECATED_OBJC_IMPLEMENTATIONS = YES;
				CLANG_WARN_DIRECT_OBJC_ISA_USAGE = YES_ERROR;
				CLANG_WARN_DOCUMENTATION_COMMENTS = YES;
				CLANG_WARN_EMPTY_BODY = YES;
				CLANG_WARN_ENUM_CONVERSION = YES;
				CLANG_WARN_INFINITE_RECURSION = YES;
				CLANG_WARN_INT_CONVERSION = YES;
				CLANG_WARN_NON_LITERAL_NULL_CONVERSION = YES;
				CLANG_WARN_OBJC_IMPLICIT_RETAIN_SELF = YES;
				CLANG_WARN_OBJC_LITERAL_CONVERSION = YES;
				CLANG_WARN_OBJC_ROOT_CLASS = YES_ERROR;
				CLANG_WARN_RANGE_LOOP_ANALYSIS = YES;
				CLANG_WARN_STRICT_PROTOTYPES = YES;
				CLANG_WARN_SUSPICIOUS_MOVE = YES;
				CLANG_WARN_UNGUARDED_AVAILABILITY = YES_AGGRESSIVE;
				CLANG_WARN_UNREACHABLE_CODE = YES;
				CLANG_WARN__DUPLICATE_METHOD_MATCH = YES;
				CODE_SIGN_IDENTITY = "iPhone Developer";
				COPY_PHASE_STRIP = NO;
				DEBUG_INFORMATION_FORMAT = dwarf;
				ENABLE_STRICT_OBJC_MSGSEND = YES;
				ENABLE_TESTABILITY = YES;
				GCC_C_LANGUAGE_STANDARD = gnu11;
				GCC_DYNAMIC_NO_PIC = NO;
				GCC_NO_COMMON_BLOCKS = YES;
				GCC_OPTIMIZATION_LEVEL = 0;
				GCC_PREPROCESSOR_DEFINITIONS = (
					"DEBUG=1",
					"$(inherited)",
				);
				GCC_WARN_64_TO_32_BIT_CONVERSION = YES;
				GCC_WARN_ABOUT_RETURN_TYPE = YES_ERROR;
				GCC_WARN_UNDECLARED_SELECTOR = YES;
				GCC_WARN_UNINITIALIZED_AUTOS = YES_AGGRESSIVE;
				GCC_WARN_UNUSED_FUNCTION = YES;
				GCC_WARN_UNUSED_VARIABLE = YES;
				IPHONEOS_DEPLOYMENT_TARGET = 12.1;
				MTL_ENABLE_DEBUG_INFO = INCLUDE_SOURCE;
				MTL_FAST_MATH = YES;
				ONLY_ACTIVE_ARCH = YES;
				SDKROOT = iphoneos;
				SWIFT_ACTIVE_COMPILATION_CONDITIONS = DEBUG;
				SWIFT_OPTIMIZATION_LEVEL = "-Onone";
			};
			name = Debug;
		};
		9B9B31972232065B0041BE8B /* Release */ = {
			isa = XCBuildConfiguration;
			buildSettings = {
				ALWAYS_SEARCH_USER_PATHS = NO;
				CLANG_ANALYZER_NONNULL = YES;
				CLANG_ANALYZER_NUMBER_OBJECT_CONVERSION = YES_AGGRESSIVE;
				CLANG_CXX_LANGUAGE_STANDARD = "gnu++14";
				CLANG_CXX_LIBRARY = "libc++";
				CLANG_ENABLE_MODULES = YES;
				CLANG_ENABLE_OBJC_ARC = YES;
				CLANG_ENABLE_OBJC_WEAK = YES;
				CLANG_WARN_BLOCK_CAPTURE_AUTORELEASING = YES;
				CLANG_WARN_BOOL_CONVERSION = YES;
				CLANG_WARN_COMMA = YES;
				CLANG_WARN_CONSTANT_CONVERSION = YES;
				CLANG_WARN_DEPRECATED_OBJC_IMPLEMENTATIONS = YES;
				CLANG_WARN_DIRECT_OBJC_ISA_USAGE = YES_ERROR;
				CLANG_WARN_DOCUMENTATION_COMMENTS = YES;
				CLANG_WARN_EMPTY_BODY = YES;
				CLANG_WARN_ENUM_CONVERSION = YES;
				CLANG_WARN_INFINITE_RECURSION = YES;
				CLANG_WARN_INT_CONVERSION = YES;
				CLANG_WARN_NON_LITERAL_NULL_CONVERSION = YES;
				CLANG_WARN_OBJC_IMPLICIT_RETAIN_SELF = YES;
				CLANG_WARN_OBJC_LITERAL_CONVERSION = YES;
				CLANG_WARN_OBJC_ROOT_CLASS = YES_ERROR;
				CLANG_WARN_RANGE_LOOP_ANALYSIS = YES;
				CLANG_WARN_STRICT_PROTOTYPES = YES;
				CLANG_WARN_SUSPICIOUS_MOVE = YES;
				CLANG_WARN_UNGUARDED_AVAILABILITY = YES_AGGRESSIVE;
				CLANG_WARN_UNREACHABLE_CODE = YES;
				CLANG_WARN__DUPLICATE_METHOD_MATCH = YES;
				CODE_SIGN_IDENTITY = "iPhone Developer";
				COPY_PHASE_STRIP = NO;
				DEBUG_INFORMATION_FORMAT = "dwarf-with-dsym";
				ENABLE_NS_ASSERTIONS = NO;
				ENABLE_STRICT_OBJC_MSGSEND = YES;
				GCC_C_LANGUAGE_STANDARD = gnu11;
				GCC_NO_COMMON_BLOCKS = YES;
				GCC_WARN_64_TO_32_BIT_CONVERSION = YES;
				GCC_WARN_ABOUT_RETURN_TYPE = YES_ERROR;
				GCC_WARN_UNDECLARED_SELECTOR = YES;
				GCC_WARN_UNINITIALIZED_AUTOS = YES_AGGRESSIVE;
				GCC_WARN_UNUSED_FUNCTION = YES;
				GCC_WARN_UNUSED_VARIABLE = YES;
				IPHONEOS_DEPLOYMENT_TARGET = 12.1;
				MTL_ENABLE_DEBUG_INFO = NO;
				MTL_FAST_MATH = YES;
				SDKROOT = iphoneos;
				SWIFT_COMPILATION_MODE = wholemodule;
				SWIFT_OPTIMIZATION_LEVEL = "-O";
				VALIDATE_PRODUCT = YES;
			};
			name = Release;
		};
		9B9B31992232065B0041BE8B /* Debug */ = {
			isa = XCBuildConfiguration;
			baseConfigurationReference = A0D5B870111A9D14507321A8 /* Pods-Shopping App.debug.xcconfig */;
			buildSettings = {
				ASSETCATALOG_COMPILER_APPICON_NAME = AppIcon;
				CODE_SIGN_STYLE = Automatic;
				INFOPLIST_FILE = "Shopping App/Info.plist";
				LD_RUNPATH_SEARCH_PATHS = (
					"$(inherited)",
					"@executable_path/Frameworks",
				);
				PRODUCT_BUNDLE_IDENTIFIER = "com.ShopingApp.Shopping-App";
				PRODUCT_NAME = "$(TARGET_NAME)";
				SWIFT_VERSION = 4.2;
				TARGETED_DEVICE_FAMILY = "1,2";
			};
			name = Debug;
		};
		9B9B319A2232065B0041BE8B /* Release */ = {
			isa = XCBuildConfiguration;
			baseConfigurationReference = 26A092D92CF701E7AE9D13CF /* Pods-Shopping App.release.xcconfig */;
			buildSettings = {
				ASSETCATALOG_COMPILER_APPICON_NAME = AppIcon;
				CODE_SIGN_STYLE = Automatic;
				INFOPLIST_FILE = "Shopping App/Info.plist";
				LD_RUNPATH_SEARCH_PATHS = (
					"$(inherited)",
					"@executable_path/Frameworks",
				);
				PRODUCT_BUNDLE_IDENTIFIER = "com.ShopingApp.Shopping-App";
				PRODUCT_NAME = "$(TARGET_NAME)";
				SWIFT_VERSION = 4.2;
				TARGETED_DEVICE_FAMILY = "1,2";
			};
			name = Release;
		};
/* End XCBuildConfiguration section */

/* Begin XCConfigurationList section */
		9B9B31812232065A0041BE8B /* Build configuration list for PBXProject "Shopping App" */ = {
			isa = XCConfigurationList;
			buildConfigurations = (
				9B9B31962232065B0041BE8B /* Debug */,
				9B9B31972232065B0041BE8B /* Release */,
			);
			defaultConfigurationIsVisible = 0;
			defaultConfigurationName = Release;
		};
		9B9B31982232065B0041BE8B /* Build configuration list for PBXNativeTarget "Shopping App" */ = {
			isa = XCConfigurationList;
			buildConfigurations = (
				9B9B31992232065B0041BE8B /* Debug */,
				9B9B319A2232065B0041BE8B /* Release */,
			);
			defaultConfigurationIsVisible = 0;
			defaultConfigurationName = Release;
		};
/* End XCConfigurationList section */
	};
	rootObject = 9B9B317E2232065A0041BE8B /* Project object */;
}
