// !$*UTF8*$!
{
	archiveVersion = 1;
	classes = {
	};
	objectVersion = 50;
	objects = {

/* Begin PBXBuildFile section */
		2CA426F92244477D0012BC57 /* ProductCollectionViewCell.swift in Sources */ = {isa = PBXBuildFile; fileRef = 2CA426F82244477D0012BC57 /* ProductCollectionViewCell.swift */; };
		2CA426FB224449D20012BC57 /* S7.png in Resources */ = {isa = PBXBuildFile; fileRef = 2CA426FA224449D10012BC57 /* S7.png */; };
		2CA426FD224451B50012BC57 /* ProductViewController.swift in Sources */ = {isa = PBXBuildFile; fileRef = 2CA426FC224451B50012BC57 /* ProductViewController.swift */; };
		2CA79DE4223C62A600702955 /* SignInViewController.swift in Sources */ = {isa = PBXBuildFile; fileRef = 2CA79DE3223C62A600702955 /* SignInViewController.swift */; };
		2CA79DE6223C632B00702955 /* SignUpViewController.swift in Sources */ = {isa = PBXBuildFile; fileRef = 2CA79DE5223C632B00702955 /* SignUpViewController.swift */; };
		2CA79DE8223C643800702955 /* HomeViewController.swift in Sources */ = {isa = PBXBuildFile; fileRef = 2CA79DE7223C643800702955 /* HomeViewController.swift */; };
		2CBEED6422471A5C00B27723 /* Orders.swift in Sources */ = {isa = PBXBuildFile; fileRef = 2CBEED6322471A5C00B27723 /* Orders.swift */; };
		2CBEED6622471C0100B27723 /* Extenstions.swift in Sources */ = {isa = PBXBuildFile; fileRef = 2CBEED6522471C0100B27723 /* Extenstions.swift */; };
		2CBEED6822471F5400B27723 /* OrderDetails.swift in Sources */ = {isa = PBXBuildFile; fileRef = 2CBEED6722471F5400B27723 /* OrderDetails.swift */; };
		2CBEED6A22473A6500B27723 /* CardShipping.swift in Sources */ = {isa = PBXBuildFile; fileRef = 2CBEED6922473A6400B27723 /* CardShipping.swift */; };
		7111B5632241BB42002A698A /* home.png in Resources */ = {isa = PBXBuildFile; fileRef = 7111B5622241BB41002A698A /* home.png */; };
		713851322249C50100815D44 /* AdminViewController.swift in Sources */ = {isa = PBXBuildFile; fileRef = 713851312249C50100815D44 /* AdminViewController.swift */; };
		713851342249CAF000815D44 /* honor view 20.png in Resources */ = {isa = PBXBuildFile; fileRef = 713851332249CAF000815D44 /* honor view 20.png */; };
		713851362249CB5E00815D44 /* huawei p20 pro.png in Resources */ = {isa = PBXBuildFile; fileRef = 713851352249CB5E00815D44 /* huawei p20 pro.png */; };
		713851382249D46500815D44 /* Customers.swift in Sources */ = {isa = PBXBuildFile; fileRef = 713851372249D46500815D44 /* Customers.swift */; };
		7138513A2249D8F800815D44 /* EditProfileViewController.swift in Sources */ = {isa = PBXBuildFile; fileRef = 713851392249D8F800815D44 /* EditProfileViewController.swift */; };
		7138513C2249DF8400815D44 /* AboutViewController.swift in Sources */ = {isa = PBXBuildFile; fileRef = 7138513B2249DF8400815D44 /* AboutViewController.swift */; };
		9B2E4A082241A9380010CEEF /* profile.png in Resources */ = {isa = PBXBuildFile; fileRef = 9B2E4A062241A9380010CEEF /* profile.png */; };
		9B2E4A092241A9380010CEEF /* menu.png in Resources */ = {isa = PBXBuildFile; fileRef = 9B2E4A072241A9380010CEEF /* menu.png */; };
		9B2E4A0D2241AEB70010CEEF /* ProfileViewController.swift in Sources */ = {isa = PBXBuildFile; fileRef = 9B2E4A0C2241AEB70010CEEF /* ProfileViewController.swift */; };
		9B9B318A2232065A0041BE8B /* AppDelegate.swift in Sources */ = {isa = PBXBuildFile; fileRef = 9B9B31892232065A0041BE8B /* AppDelegate.swift */; };
		9B9B318F2232065A0041BE8B /* Main.storyboard in Resources */ = {isa = PBXBuildFile; fileRef = 9B9B318D2232065A0041BE8B /* Main.storyboard */; };
		9B9B31912232065B0041BE8B /* Assets.xcassets in Resources */ = {isa = PBXBuildFile; fileRef = 9B9B31902232065B0041BE8B /* Assets.xcassets */; };
		9B9B31942232065B0041BE8B /* LaunchScreen.storyboard in Resources */ = {isa = PBXBuildFile; fileRef = 9B9B31922232065B0041BE8B /* LaunchScreen.storyboard */; };
		9BD4DE412237091900B11DEA /* transparent cart.png in Resources */ = {isa = PBXBuildFile; fileRef = 9BD4DE402237091900B11DEA /* transparent cart.png */; };
		C612E9B522454046009EF678 /* Long road.jpg in Resources */ = {isa = PBXBuildFile; fileRef = C612E9B422454046009EF678 /* Long road.jpg */; };
		C612E9B9224547A2009EF678 /* First light.jpg in Resources */ = {isa = PBXBuildFile; fileRef = C612E9B6224547A0009EF678 /* First light.jpg */; };
		C612E9BA224547A2009EF678 /* Milky way galaxy.jpg in Resources */ = {isa = PBXBuildFile; fileRef = C612E9B7224547A1009EF678 /* Milky way galaxy.jpg */; };
		C612E9BB224547A2009EF678 /* City road.jpg in Resources */ = {isa = PBXBuildFile; fileRef = C612E9B8224547A2009EF678 /* City road.jpg */; };
		C612E9BF224568F0009EF678 /* MenuViewController.swift in Sources */ = {isa = PBXBuildFile; fileRef = C612E9BE224568F0009EF678 /* MenuViewController.swift */; };
		C612E9C322456962009EF678 /* BaseViewController.swift in Sources */ = {isa = PBXBuildFile; fileRef = C612E9C222456962009EF678 /* BaseViewController.swift */; };
		C612E9C62245698B009EF678 /* SlideMenuDelegate.swift in Sources */ = {isa = PBXBuildFile; fileRef = C612E9C52245698B009EF678 /* SlideMenuDelegate.swift */; };
		C612E9C822458DC0009EF678 /* CartViewController.swift in Sources */ = {isa = PBXBuildFile; fileRef = C612E9C722458DC0009EF678 /* CartViewController.swift */; };
		C612E9CA22458E08009EF678 /* CheckoutViewController.swift in Sources */ = {isa = PBXBuildFile; fileRef = C612E9C922458E08009EF678 /* CheckoutViewController.swift */; };
		C612E9CC22458E52009EF678 /* ConfirmationViewController.swift in Sources */ = {isa = PBXBuildFile; fileRef = C612E9CB22458E52009EF678 /* ConfirmationViewController.swift */; };
		C612E9CF2245B52B009EF678 /* ShoppingCart.swift in Sources */ = {isa = PBXBuildFile; fileRef = C612E9CE2245B52B009EF678 /* ShoppingCart.swift */; };
		C612E9D22245B899009EF678 /* Model.swift in Sources */ = {isa = PBXBuildFile; fileRef = C612E9D12245B899009EF678 /* Model.swift */; };
		C612E9D42245B9BD009EF678 /* Products.swift in Sources */ = {isa = PBXBuildFile; fileRef = C612E9D32245B9BD009EF678 /* Products.swift */; };
		C612E9D62245CF0F009EF678 /* CartItemTableViewCell.swift in Sources */ = {isa = PBXBuildFile; fileRef = C612E9D52245CF0F009EF678 /* CartItemTableViewCell.swift */; };
		C612E9DE22462119009EF678 /* Mate20.png in Resources */ = {isa = PBXBuildFile; fileRef = C612E9D922462116009EF678 /* Mate20.png */; };
		C612E9DF22462119009EF678 /* Pixel3.png in Resources */ = {isa = PBXBuildFile; fileRef = C612E9DA22462116009EF678 /* Pixel3.png */; };
		C612E9E022462119009EF678 /* Note9.png in Resources */ = {isa = PBXBuildFile; fileRef = C612E9DB22462117009EF678 /* Note9.png */; };
		C612E9E122462119009EF678 /* Oneplus.png in Resources */ = {isa = PBXBuildFile; fileRef = C612E9DC22462118009EF678 /* Oneplus.png */; };
		C612E9E222462119009EF678 /* Xs-Max.png in Resources */ = {isa = PBXBuildFile; fileRef = C612E9DD22462119009EF678 /* Xs-Max.png */; };
		C612E9E822468704009EF678 /* cart.png in Resources */ = {isa = PBXBuildFile; fileRef = C612E9E722468704009EF678 /* cart.png */; };
		C612E9EA22469568009EF678 /* CheckoutTableViewCell.swift in Sources */ = {isa = PBXBuildFile; fileRef = C612E9E922469568009EF678 /* CheckoutTableViewCell.swift */; };
		C6EBF684223DAE050009F143 /* GoogleService-Info.plist in Resources */ = {isa = PBXBuildFile; fileRef = C6EBF683223DAE040009F143 /* GoogleService-Info.plist */; };
		DE972959F42BE29E31D876A1 /* Pods_Shopping_App.framework in Frameworks */ = {isa = PBXBuildFile; fileRef = 167588636761A6DACD8F5DEE /* Pods_Shopping_App.framework */; };
/* End PBXBuildFile section */

/* Begin PBXFileReference section */
		167588636761A6DACD8F5DEE /* Pods_Shopping_App.framework */ = {isa = PBXFileReference; explicitFileType = wrapper.framework; includeInIndex = 0; path = Pods_Shopping_App.framework; sourceTree = BUILT_PRODUCTS_DIR; };
		26A092D92CF701E7AE9D13CF /* Pods-Shopping App.release.xcconfig */ = {isa = PBXFileReference; includeInIndex = 1; lastKnownFileType = text.xcconfig; name = "Pods-Shopping App.release.xcconfig"; path = "Target Support Files/Pods-Shopping App/Pods-Shopping App.release.xcconfig"; sourceTree = "<group>"; };
		2CA426F82244477D0012BC57 /* ProductCollectionViewCell.swift */ = {isa = PBXFileReference; lastKnownFileType = sourcecode.swift; path = ProductCollectionViewCell.swift; sourceTree = "<group>"; };
		2CA426FA224449D10012BC57 /* S7.png */ = {isa = PBXFileReference; lastKnownFileType = image.png; path = S7.png; sourceTree = "<group>"; };
		2CA426FC224451B50012BC57 /* ProductViewController.swift */ = {isa = PBXFileReference; lastKnownFileType = sourcecode.swift; path = ProductViewController.swift; sourceTree = "<group>"; };
		2CA79DE3223C62A600702955 /* SignInViewController.swift */ = {isa = PBXFileReference; lastKnownFileType = sourcecode.swift; path = SignInViewController.swift; sourceTree = "<group>"; };
		2CA79DE5223C632B00702955 /* SignUpViewController.swift */ = {isa = PBXFileReference; lastKnownFileType = sourcecode.swift; path = SignUpViewController.swift; sourceTree = "<group>"; };
		2CA79DE7223C643800702955 /* HomeViewController.swift */ = {isa = PBXFileReference; lastKnownFileType = sourcecode.swift; path = HomeViewController.swift; sourceTree = "<group>"; };
		2CBEED6322471A5C00B27723 /* Orders.swift */ = {isa = PBXFileReference; lastKnownFileType = sourcecode.swift; path = Orders.swift; sourceTree = "<group>"; };
		2CBEED6522471C0100B27723 /* Extenstions.swift */ = {isa = PBXFileReference; lastKnownFileType = sourcecode.swift; path = Extenstions.swift; sourceTree = "<group>"; };
		2CBEED6722471F5400B27723 /* OrderDetails.swift */ = {isa = PBXFileReference; lastKnownFileType = sourcecode.swift; path = OrderDetails.swift; sourceTree = "<group>"; };
		2CBEED6922473A6400B27723 /* CardShipping.swift */ = {isa = PBXFileReference; lastKnownFileType = sourcecode.swift; path = CardShipping.swift; sourceTree = "<group>"; };
		7111B5622241BB41002A698A /* home.png */ = {isa = PBXFileReference; lastKnownFileType = image.png; path = home.png; sourceTree = "<group>"; };
		713851312249C50100815D44 /* AdminViewController.swift */ = {isa = PBXFileReference; lastKnownFileType = sourcecode.swift; path = AdminViewController.swift; sourceTree = "<group>"; };
		713851332249CAF000815D44 /* honor view 20.png */ = {isa = PBXFileReference; lastKnownFileType = image.png; path = "honor view 20.png"; sourceTree = "<group>"; };
		713851352249CB5E00815D44 /* huawei p20 pro.png */ = {isa = PBXFileReference; lastKnownFileType = image.png; path = "huawei p20 pro.png"; sourceTree = "<group>"; };
		713851372249D46500815D44 /* Customers.swift */ = {isa = PBXFileReference; lastKnownFileType = sourcecode.swift; path = Customers.swift; sourceTree = "<group>"; };
		713851392249D8F800815D44 /* EditProfileViewController.swift */ = {isa = PBXFileReference; lastKnownFileType = sourcecode.swift; path = EditProfileViewController.swift; sourceTree = "<group>"; };
		7138513B2249DF8400815D44 /* AboutViewController.swift */ = {isa = PBXFileReference; lastKnownFileType = sourcecode.swift; path = AboutViewController.swift; sourceTree = "<group>"; };
		9B2E4A062241A9380010CEEF /* profile.png */ = {isa = PBXFileReference; lastKnownFileType = image.png; path = profile.png; sourceTree = "<group>"; };
		9B2E4A072241A9380010CEEF /* menu.png */ = {isa = PBXFileReference; lastKnownFileType = image.png; path = menu.png; sourceTree = "<group>"; };
		9B2E4A0C2241AEB70010CEEF /* ProfileViewController.swift */ = {isa = PBXFileReference; lastKnownFileType = sourcecode.swift; path = ProfileViewController.swift; sourceTree = "<group>"; };
		9B9B31862232065A0041BE8B /* Shopping App.app */ = {isa = PBXFileReference; explicitFileType = wrapper.application; includeInIndex = 0; path = "Shopping App.app"; sourceTree = BUILT_PRODUCTS_DIR; };
		9B9B31892232065A0041BE8B /* AppDelegate.swift */ = {isa = PBXFileReference; lastKnownFileType = sourcecode.swift; path = AppDelegate.swift; sourceTree = "<group>"; };
		9B9B318E2232065A0041BE8B /* Base */ = {isa = PBXFileReference; lastKnownFileType = file.storyboard; name = Base; path = Base.lproj/Main.storyboard; sourceTree = "<group>"; };
		9B9B31902232065B0041BE8B /* Assets.xcassets */ = {isa = PBXFileReference; lastKnownFileType = folder.assetcatalog; path = Assets.xcassets; sourceTree = "<group>"; };
		9B9B31932232065B0041BE8B /* Base */ = {isa = PBXFileReference; lastKnownFileType = file.storyboard; name = Base; path = Base.lproj/LaunchScreen.storyboard; sourceTree = "<group>"; };
		9B9B31952232065B0041BE8B /* Info.plist */ = {isa = PBXFileReference; lastKnownFileType = text.plist.xml; path = Info.plist; sourceTree = "<group>"; };
		9BD4DE402237091900B11DEA /* transparent cart.png */ = {isa = PBXFileReference; lastKnownFileType = image.png; path = "transparent cart.png"; sourceTree = "<group>"; };
		A0D5B870111A9D14507321A8 /* Pods-Shopping App.debug.xcconfig */ = {isa = PBXFileReference; includeInIndex = 1; lastKnownFileType = text.xcconfig; name = "Pods-Shopping App.debug.xcconfig"; path = "Target Support Files/Pods-Shopping App/Pods-Shopping App.debug.xcconfig"; sourceTree = "<group>"; };
		C612E9B422454046009EF678 /* Long road.jpg */ = {isa = PBXFileReference; lastKnownFileType = image.jpeg; path = "Long road.jpg"; sourceTree = "<group>"; };
		C612E9B6224547A0009EF678 /* First light.jpg */ = {isa = PBXFileReference; lastKnownFileType = image.jpeg; path = "First light.jpg"; sourceTree = "<group>"; };
		C612E9B7224547A1009EF678 /* Milky way galaxy.jpg */ = {isa = PBXFileReference; lastKnownFileType = image.jpeg; path = "Milky way galaxy.jpg"; sourceTree = "<group>"; };
		C612E9B8224547A2009EF678 /* City road.jpg */ = {isa = PBXFileReference; lastKnownFileType = image.jpeg; path = "City road.jpg"; sourceTree = "<group>"; };
		C612E9BE224568F0009EF678 /* MenuViewController.swift */ = {isa = PBXFileReference; lastKnownFileType = sourcecode.swift; path = MenuViewController.swift; sourceTree = "<group>"; };
		C612E9C222456962009EF678 /* BaseViewController.swift */ = {isa = PBXFileReference; fileEncoding = 4; lastKnownFileType = sourcecode.swift; path = BaseViewController.swift; sourceTree = "<group>"; };
		C612E9C52245698B009EF678 /* SlideMenuDelegate.swift */ = {isa = PBXFileReference; lastKnownFileType = sourcecode.swift; path = SlideMenuDelegate.swift; sourceTree = "<group>"; };
		C612E9C722458DC0009EF678 /* CartViewController.swift */ = {isa = PBXFileReference; lastKnownFileType = sourcecode.swift; path = CartViewController.swift; sourceTree = "<group>"; };
		C612E9C922458E08009EF678 /* CheckoutViewController.swift */ = {isa = PBXFileReference; lastKnownFileType = sourcecode.swift; path = CheckoutViewController.swift; sourceTree = "<group>"; };
		C612E9CB22458E52009EF678 /* ConfirmationViewController.swift */ = {isa = PBXFileReference; lastKnownFileType = sourcecode.swift; path = ConfirmationViewController.swift; sourceTree = "<group>"; };
		C612E9CE2245B52B009EF678 /* ShoppingCart.swift */ = {isa = PBXFileReference; lastKnownFileType = sourcecode.swift; path = ShoppingCart.swift; sourceTree = "<group>"; };
		C612E9D12245B899009EF678 /* Model.swift */ = {isa = PBXFileReference; lastKnownFileType = sourcecode.swift; path = Model.swift; sourceTree = "<group>"; };
		C612E9D32245B9BD009EF678 /* Products.swift */ = {isa = PBXFileReference; lastKnownFileType = sourcecode.swift; path = Products.swift; sourceTree = "<group>"; };
		C612E9D52245CF0F009EF678 /* CartItemTableViewCell.swift */ = {isa = PBXFileReference; lastKnownFileType = sourcecode.swift; path = CartItemTableViewCell.swift; sourceTree = "<group>"; };
		C612E9D922462116009EF678 /* Mate20.png */ = {isa = PBXFileReference; lastKnownFileType = image.png; path = Mate20.png; sourceTree = "<group>"; };
		C612E9DA22462116009EF678 /* Pixel3.png */ = {isa = PBXFileReference; lastKnownFileType = image.png; path = Pixel3.png; sourceTree = "<group>"; };
		C612E9DB22462117009EF678 /* Note9.png */ = {isa = PBXFileReference; lastKnownFileType = image.png; path = Note9.png; sourceTree = "<group>"; };
		C612E9DC22462118009EF678 /* Oneplus.png */ = {isa = PBXFileReference; lastKnownFileType = image.png; path = Oneplus.png; sourceTree = "<group>"; };
		C612E9DD22462119009EF678 /* Xs-Max.png */ = {isa = PBXFileReference; lastKnownFileType = image.png; path = "Xs-Max.png"; sourceTree = "<group>"; };
		C612E9E722468704009EF678 /* cart.png */ = {isa = PBXFileReference; lastKnownFileType = image.png; path = cart.png; sourceTree = "<group>"; };
		C612E9E922469568009EF678 /* CheckoutTableViewCell.swift */ = {isa = PBXFileReference; lastKnownFileType = sourcecode.swift; path = CheckoutTableViewCell.swift; sourceTree = "<group>"; };
		C6EBF683223DAE040009F143 /* GoogleService-Info.plist */ = {isa = PBXFileReference; fileEncoding = 4; lastKnownFileType = text.plist.xml; path = "GoogleService-Info.plist"; sourceTree = "<group>"; };
/* End PBXFileReference section */

/* Begin PBXFrameworksBuildPhase section */
		9B9B31832232065A0041BE8B /* Frameworks */ = {
			isa = PBXFrameworksBuildPhase;
			buildActionMask = 2147483647;
			files = (
				DE972959F42BE29E31D876A1 /* Pods_Shopping_App.framework in Frameworks */,
			);
			runOnlyForDeploymentPostprocessing = 0;
		};
/* End PBXFrameworksBuildPhase section */

/* Begin PBXGroup section */
		20ACF69437B559420F4B27CE /* Frameworks */ = {
			isa = PBXGroup;
			children = (
				167588636761A6DACD8F5DEE /* Pods_Shopping_App.framework */,
			);
			name = Frameworks;
			sourceTree = "<group>";
		};
		6C263A85CFF207AEDDE44359 /* Pods */ = {
			isa = PBXGroup;
			children = (
				A0D5B870111A9D14507321A8 /* Pods-Shopping App.debug.xcconfig */,
				26A092D92CF701E7AE9D13CF /* Pods-Shopping App.release.xcconfig */,
			);
			path = Pods;
			sourceTree = "<group>";
		};
		9B2E4A052241A9260010CEEF /* Images */ = {
			isa = PBXGroup;
			children = (
				713851352249CB5E00815D44 /* huawei p20 pro.png */,
				713851332249CAF000815D44 /* honor view 20.png */,
				C612E9E722468704009EF678 /* cart.png */,
				C612E9D922462116009EF678 /* Mate20.png */,
				C612E9DB22462117009EF678 /* Note9.png */,
				C612E9DC22462118009EF678 /* Oneplus.png */,
				C612E9DA22462116009EF678 /* Pixel3.png */,
				C612E9DD22462119009EF678 /* Xs-Max.png */,
				9BD4DE402237091900B11DEA /* transparent cart.png */,
				C612E9B8224547A2009EF678 /* City road.jpg */,
				C612E9B6224547A0009EF678 /* First light.jpg */,
				C612E9B7224547A1009EF678 /* Milky way galaxy.jpg */,
				C612E9B422454046009EF678 /* Long road.jpg */,
				2CA426FA224449D10012BC57 /* S7.png */,
				9B2E4A072241A9380010CEEF /* menu.png */,
				9B2E4A062241A9380010CEEF /* profile.png */,
				7111B5622241BB41002A698A /* home.png */,
			);
			path = Images;
			sourceTree = "<group>";
		};
		9B9B317D2232065A0041BE8B = {
			isa = PBXGroup;
			children = (
				9B9B31882232065A0041BE8B /* Shopping App */,
				9B9B31872232065A0041BE8B /* Products */,
				6C263A85CFF207AEDDE44359 /* Pods */,
				20ACF69437B559420F4B27CE /* Frameworks */,
			);
			sourceTree = "<group>";
		};
		9B9B31872232065A0041BE8B /* Products */ = {
			isa = PBXGroup;
			children = (
				9B9B31862232065A0041BE8B /* Shopping App.app */,
			);
			name = Products;
			sourceTree = "<group>";
		};
		9B9B31882232065A0041BE8B /* Shopping App */ = {
			isa = PBXGroup;
			children = (
				C612E9D82245D5DE009EF678 /* Plist */,
				C612E9D72245D59E009EF678 /* ViewController */,
				C612E9D02245B536009EF678 /* Models */,
				C612E9CD22458EA2009EF678 /* Sign-in & Sign-Up */,
				C612E9C42245696C009EF678 /* Protocol */,
				9B2E4A052241A9260010CEEF /* Images */,
				9B9B31892232065A0041BE8B /* AppDelegate.swift */,
				9B9B318D2232065A0041BE8B /* Main.storyboard */,
				9B9B31902232065B0041BE8B /* Assets.xcassets */,
				9B9B31922232065B0041BE8B /* LaunchScreen.storyboard */,
				9B9B31952232065B0041BE8B /* Info.plist */,
			);
			path = "Shopping App";
			sourceTree = "<group>";
		};
		C612E9C42245696C009EF678 /* Protocol */ = {
			isa = PBXGroup;
			children = (
				C612E9C52245698B009EF678 /* SlideMenuDelegate.swift */,
				2CBEED6522471C0100B27723 /* Extenstions.swift */,
			);
			path = Protocol;
			sourceTree = "<group>";
		};
		C612E9CD22458EA2009EF678 /* Sign-in & Sign-Up */ = {
			isa = PBXGroup;
			children = (
				2CA79DE3223C62A600702955 /* SignInViewController.swift */,
				2CA79DE5223C632B00702955 /* SignUpViewController.swift */,
			);
			path = "Sign-in & Sign-Up";
			sourceTree = "<group>";
		};
		C612E9D02245B536009EF678 /* Models */ = {
			isa = PBXGroup;
			children = (
				C612E9CE2245B52B009EF678 /* ShoppingCart.swift */,
				C612E9D12245B899009EF678 /* Model.swift */,
				C612E9D32245B9BD009EF678 /* Products.swift */,
				C612E9D52245CF0F009EF678 /* CartItemTableViewCell.swift */,
				2CA426F82244477D0012BC57 /* ProductCollectionViewCell.swift */,
				C612E9E922469568009EF678 /* CheckoutTableViewCell.swift */,
				2CBEED6322471A5C00B27723 /* Orders.swift */,
				2CBEED6722471F5400B27723 /* OrderDetails.swift */,
				2CBEED6922473A6400B27723 /* CardShipping.swift */,
				713851372249D46500815D44 /* Customers.swift */,
			);
			path = Models;
			sourceTree = "<group>";
		};
		C612E9D72245D59E009EF678 /* ViewController */ = {
			isa = PBXGroup;
			children = (
				C612E9C222456962009EF678 /* BaseViewController.swift */,
				2CA79DE7223C643800702955 /* HomeViewController.swift */,
				2CA426FC224451B50012BC57 /* ProductViewController.swift */,
				C612E9BE224568F0009EF678 /* MenuViewController.swift */,
				C612E9C722458DC0009EF678 /* CartViewController.swift */,
				C612E9C922458E08009EF678 /* CheckoutViewController.swift */,
				C612E9CB22458E52009EF678 /* ConfirmationViewController.swift */,
				713851312249C50100815D44 /* AdminViewController.swift */,
				9B2E4A0C2241AEB70010CEEF /* ProfileViewController.swift */,
				713851392249D8F800815D44 /* EditProfileViewController.swift */,
				7138513B2249DF8400815D44 /* AboutViewController.swift */,
			);
			path = ViewController;
			sourceTree = "<group>";
		};
		C612E9D82245D5DE009EF678 /* Plist */ = {
			isa = PBXGroup;
			children = (
				C6EBF683223DAE040009F143 /* GoogleService-Info.plist */,
			);
			path = Plist;
			sourceTree = "<group>";
		};
/* End PBXGroup section */

/* Begin PBXNativeTarget section */
		9B9B31852232065A0041BE8B /* Shopping App */ = {
			isa = PBXNativeTarget;
			buildConfigurationList = 9B9B31982232065B0041BE8B /* Build configuration list for PBXNativeTarget "Shopping App" */;
			buildPhases = (
				40740904F5D1656089C53F40 /* [CP] Check Pods Manifest.lock */,
				9B9B31822232065A0041BE8B /* Sources */,
				9B9B31832232065A0041BE8B /* Frameworks */,
				9B9B31842232065A0041BE8B /* Resources */,
				D2338EF710F8BC8E1BBFA1E9 /* [CP] Embed Pods Frameworks */,
				2DCCAA030B1A5DB6EA524DEB /* [CP] Copy Pods Resources */,
			);
			buildRules = (
			);
			dependencies = (
			);
			name = "Shopping App";
			productName = "Shopping App";
			productReference = 9B9B31862232065A0041BE8B /* Shopping App.app */;
			productType = "com.apple.product-type.application";
		};
/* End PBXNativeTarget section */

/* Begin PBXProject section */
		9B9B317E2232065A0041BE8B /* Project object */ = {
			isa = PBXProject;
			attributes = {
				LastSwiftUpdateCheck = 1010;
				LastUpgradeCheck = 1010;
				ORGANIZATIONNAME = Ilyas;
				TargetAttributes = {
					9B9B31852232065A0041BE8B = {
						CreatedOnToolsVersion = 10.1;
					};
				};
			};
			buildConfigurationList = 9B9B31812232065A0041BE8B /* Build configuration list for PBXProject "Shopping App" */;
			compatibilityVersion = "Xcode 9.3";
			developmentRegion = en;
			hasScannedForEncodings = 0;
			knownRegions = (
				en,
				Base,
			);
			mainGroup = 9B9B317D2232065A0041BE8B;
			productRefGroup = 9B9B31872232065A0041BE8B /* Products */;
			projectDirPath = "";
			projectRoot = "";
			targets = (
				9B9B31852232065A0041BE8B /* Shopping App */,
			);
		};
/* End PBXProject section */

/* Begin PBXResourcesBuildPhase section */
		9B9B31842232065A0041BE8B /* Resources */ = {
			isa = PBXResourcesBuildPhase;
			buildActionMask = 2147483647;
			files = (
				713851362249CB5E00815D44 /* huawei p20 pro.png in Resources */,
				9B9B31942232065B0041BE8B /* LaunchScreen.storyboard in Resources */,
				C612E9E222462119009EF678 /* Xs-Max.png in Resources */,
				9B2E4A082241A9380010CEEF /* profile.png in Resources */,
				C612E9DE22462119009EF678 /* Mate20.png in Resources */,
				9B9B31912232065B0041BE8B /* Assets.xcassets in Resources */,
				C612E9B9224547A2009EF678 /* First light.jpg in Resources */,
				C6EBF684223DAE050009F143 /* GoogleService-Info.plist in Resources */,
				7111B5632241BB42002A698A /* home.png in Resources */,
				9B2E4A092241A9380010CEEF /* menu.png in Resources */,
				C612E9B522454046009EF678 /* Long road.jpg in Resources */,
				C612E9E122462119009EF678 /* Oneplus.png in Resources */,
				C612E9BA224547A2009EF678 /* Milky way galaxy.jpg in Resources */,
				C612E9E822468704009EF678 /* cart.png in Resources */,
				9B9B318F2232065A0041BE8B /* Main.storyboard in Resources */,
				C612E9E022462119009EF678 /* Note9.png in Resources */,
				9BD4DE412237091900B11DEA /* transparent cart.png in Resources */,
				C612E9DF22462119009EF678 /* Pixel3.png in Resources */,
				C612E9BB224547A2009EF678 /* City road.jpg in Resources */,
				2CA426FB224449D20012BC57 /* S7.png in Resources */,
				713851342249CAF000815D44 /* honor view 20.png in Resources */,
			);
			runOnlyForDeploymentPostprocessing = 0;
		};
/* End PBXResourcesBuildPhase section */

/* Begin PBXShellScriptBuildPhase section */
		2DCCAA030B1A5DB6EA524DEB /* [CP] Copy Pods Resources */ = {
			isa = PBXShellScriptBuildPhase;
			buildActionMask = 2147483647;
			files = (
			);
			inputFileListPaths = (
			);
			inputPaths = (
				"${PODS_ROOT}/Target Support Files/Pods-Shopping App/Pods-Shopping App-resources.sh",
				"${PODS_ROOT}/GoogleSignIn/Resources/GoogleSignIn.bundle",
			);
			name = "[CP] Copy Pods Resources";
			outputFileListPaths = (
			);
			outputPaths = (
				"${TARGET_BUILD_DIR}/${UNLOCALIZED_RESOURCES_FOLDER_PATH}/GoogleSignIn.bundle",
			);
			runOnlyForDeploymentPostprocessing = 0;
			shellPath = /bin/sh;
			shellScript = "\"${PODS_ROOT}/Target Support Files/Pods-Shopping App/Pods-Shopping App-resources.sh\"\n";
			showEnvVarsInLog = 0;
		};
		40740904F5D1656089C53F40 /* [CP] Check Pods Manifest.lock */ = {
			isa = PBXShellScriptBuildPhase;
			buildActionMask = 2147483647;
			files = (
			);
			inputFileListPaths = (
			);
			inputPaths = (
				"${PODS_PODFILE_DIR_PATH}/Podfile.lock",
				"${PODS_ROOT}/Manifest.lock",
			);
			name = "[CP] Check Pods Manifest.lock";
			outputFileListPaths = (
			);
			outputPaths = (
				"$(DERIVED_FILE_DIR)/Pods-Shopping App-checkManifestLockResult.txt",
			);
			runOnlyForDeploymentPostprocessing = 0;
			shellPath = /bin/sh;
			shellScript = "diff \"${PODS_PODFILE_DIR_PATH}/Podfile.lock\" \"${PODS_ROOT}/Manifest.lock\" > /dev/null\nif [ $? != 0 ] ; then\n    # print error to STDERR\n    echo \"error: The sandbox is not in sync with the Podfile.lock. Run 'pod install' or update your CocoaPods installation.\" >&2\n    exit 1\nfi\n# This output is used by Xcode 'outputs' to avoid re-running this script phase.\necho \"SUCCESS\" > \"${SCRIPT_OUTPUT_FILE_0}\"\n";
			showEnvVarsInLog = 0;
		};
		D2338EF710F8BC8E1BBFA1E9 /* [CP] Embed Pods Frameworks */ = {
			isa = PBXShellScriptBuildPhase;
			buildActionMask = 2147483647;
			files = (
			);
			inputFileListPaths = (
			);
			inputPaths = (
				"${PODS_ROOT}/Target Support Files/Pods-Shopping App/Pods-Shopping App-frameworks.sh",
				"${BUILT_PRODUCTS_DIR}/GTMSessionFetcher/GTMSessionFetcher.framework",
				"${BUILT_PRODUCTS_DIR}/GoogleToolboxForMac/GoogleToolboxForMac.framework",
				"${BUILT_PRODUCTS_DIR}/GoogleUtilities/GoogleUtilities.framework",
				"${BUILT_PRODUCTS_DIR}/leveldb-library/leveldb.framework",
				"${BUILT_PRODUCTS_DIR}/nanopb/nanopb.framework",
			);
			name = "[CP] Embed Pods Frameworks";
			outputFileListPaths = (
			);
			outputPaths = (
				"${TARGET_BUILD_DIR}/${FRAMEWORKS_FOLDER_PATH}/GTMSessionFetcher.framework",
				"${TARGET_BUILD_DIR}/${FRAMEWORKS_FOLDER_PATH}/GoogleToolboxForMac.framework",
				"${TARGET_BUILD_DIR}/${FRAMEWORKS_FOLDER_PATH}/GoogleUtilities.framework",
				"${TARGET_BUILD_DIR}/${FRAMEWORKS_FOLDER_PATH}/leveldb.framework",
				"${TARGET_BUILD_DIR}/${FRAMEWORKS_FOLDER_PATH}/nanopb.framework",
			);
			runOnlyForDeploymentPostprocessing = 0;
			shellPath = /bin/sh;
			shellScript = "\"${PODS_ROOT}/Target Support Files/Pods-Shopping App/Pods-Shopping App-frameworks.sh\"\n";
			showEnvVarsInLog = 0;
		};
/* End PBXShellScriptBuildPhase section */

/* Begin PBXSourcesBuildPhase section */
		9B9B31822232065A0041BE8B /* Sources */ = {
			isa = PBXSourcesBuildPhase;
			buildActionMask = 2147483647;
			files = (
				C612E9D22245B899009EF678 /* Model.swift in Sources */,
				9B2E4A0D2241AEB70010CEEF /* ProfileViewController.swift in Sources */,
				C612E9BF224568F0009EF678 /* MenuViewController.swift in Sources */,
				C612E9C62245698B009EF678 /* SlideMenuDelegate.swift in Sources */,
				2CA79DE8223C643800702955 /* HomeViewController.swift in Sources */,
				C612E9CA22458E08009EF678 /* CheckoutViewController.swift in Sources */,
				2CBEED6422471A5C00B27723 /* Orders.swift in Sources */,
				713851382249D46500815D44 /* Customers.swift in Sources */,
				2CBEED6A22473A6500B27723 /* CardShipping.swift in Sources */,
				2CA426F92244477D0012BC57 /* ProductCollectionViewCell.swift in Sources */,
				C612E9C322456962009EF678 /* BaseViewController.swift in Sources */,
				9B9B318A2232065A0041BE8B /* AppDelegate.swift in Sources */,
				2CBEED6822471F5400B27723 /* OrderDetails.swift in Sources */,
				713851322249C50100815D44 /* AdminViewController.swift in Sources */,
				C612E9EA22469568009EF678 /* CheckoutTableViewCell.swift in Sources */,
				C612E9C822458DC0009EF678 /* CartViewController.swift in Sources */,
				2CA79DE6223C632B00702955 /* SignUpViewController.swift in Sources */,
				2CA426FD224451B50012BC57 /* ProductViewController.swift in Sources */,
				C612E9CC22458E52009EF678 /* ConfirmationViewController.swift in Sources */,
				C612E9D42245B9BD009EF678 /* Products.swift in Sources */,
				2CBEED6622471C0100B27723 /* Extenstions.swift in Sources */,
				C612E9D62245CF0F009EF678 /* CartItemTableViewCell.swift in Sources */,
				2CA79DE4223C62A600702955 /* SignInViewController.swift in Sources */,
				7138513A2249D8F800815D44 /* EditProfileViewController.swift in Sources */,
				7138513C2249DF8400815D44 /* AboutViewController.swift in Sources */,
				C612E9CF2245B52B009EF678 /* ShoppingCart.swift in Sources */,
			);
			runOnlyForDeploymentPostprocessing = 0;
		};
/* End PBXSourcesBuildPhase section */

/* Begin PBXVariantGroup section */
		9B9B318D2232065A0041BE8B /* Main.storyboard */ = {
			isa = PBXVariantGroup;
			children = (
				9B9B318E2232065A0041BE8B /* Base */,
			);
			name = Main.storyboard;
			sourceTree = "<group>";
		};
		9B9B31922232065B0041BE8B /* LaunchScreen.storyboard */ = {
			isa = PBXVariantGroup;
			children = (
				9B9B31932232065B0041BE8B /* Base */,
			);
			name = LaunchScreen.storyboard;
			sourceTree = "<group>";
		};
/* End PBXVariantGroup section */

/* Begin XCBuildConfiguration section */
		9B9B31962232065B0041BE8B /* Debug */ = {
			isa = XCBuildConfiguration;
			buildSettings = {
				ALWAYS_SEARCH_USER_PATHS = NO;
				CLANG_ANALYZER_NONNULL = YES;
				CLANG_ANALYZER_NUMBER_OBJECT_CONVERSION = YES_AGGRESSIVE;
				CLANG_CXX_LANGUAGE_STANDARD = "gnu++14";
				CLANG_CXX_LIBRARY = "libc++";
				CLANG_ENABLE_MODULES = YES;
				CLANG_ENABLE_OBJC_ARC = YES;
				CLANG_ENABLE_OBJC_WEAK = YES;
				CLANG_WARN_BLOCK_CAPTURE_AUTORELEASING = YES;
				CLANG_WARN_BOOL_CONVERSION = YES;
				CLANG_WARN_COMMA = YES;
				CLANG_WARN_CONSTANT_CONVERSION = YES;
				CLANG_WARN_DEPRECATED_OBJC_IMPLEMENTATIONS = YES;
				CLANG_WARN_DIRECT_OBJC_ISA_USAGE = YES_ERROR;
				CLANG_WARN_DOCUMENTATION_COMMENTS = YES;
				CLANG_WARN_EMPTY_BODY = YES;
				CLANG_WARN_ENUM_CONVERSION = YES;
				CLANG_WARN_INFINITE_RECURSION = YES;
				CLANG_WARN_INT_CONVERSION = YES;
				CLANG_WARN_NON_LITERAL_NULL_CONVERSION = YES;
				CLANG_WARN_OBJC_IMPLICIT_RETAIN_SELF = YES;
				CLANG_WARN_OBJC_LITERAL_CONVERSION = YES;
				CLANG_WARN_OBJC_ROOT_CLASS = YES_ERROR;
				CLANG_WARN_RANGE_LOOP_ANALYSIS = YES;
				CLANG_WARN_STRICT_PROTOTYPES = YES;
				CLANG_WARN_SUSPICIOUS_MOVE = YES;
				CLANG_WARN_UNGUARDED_AVAILABILITY = YES_AGGRESSIVE;
				CLANG_WARN_UNREACHABLE_CODE = YES;
				CLANG_WARN__DUPLICATE_METHOD_MATCH = YES;
				CODE_SIGN_IDENTITY = "iPhone Developer";
				COPY_PHASE_STRIP = NO;
				DEBUG_INFORMATION_FORMAT = dwarf;
				ENABLE_STRICT_OBJC_MSGSEND = YES;
				ENABLE_TESTABILITY = YES;
				GCC_C_LANGUAGE_STANDARD = gnu11;
				GCC_DYNAMIC_NO_PIC = NO;
				GCC_NO_COMMON_BLOCKS = YES;
				GCC_OPTIMIZATION_LEVEL = 0;
				GCC_PREPROCESSOR_DEFINITIONS = (
					"DEBUG=1",
					"$(inherited)",
				);
				GCC_WARN_64_TO_32_BIT_CONVERSION = YES;
				GCC_WARN_ABOUT_RETURN_TYPE = YES_ERROR;
				GCC_WARN_UNDECLARED_SELECTOR = YES;
				GCC_WARN_UNINITIALIZED_AUTOS = YES_AGGRESSIVE;
				GCC_WARN_UNUSED_FUNCTION = YES;
				GCC_WARN_UNUSED_VARIABLE = YES;
				IPHONEOS_DEPLOYMENT_TARGET = 12.1;
				MTL_ENABLE_DEBUG_INFO = INCLUDE_SOURCE;
				MTL_FAST_MATH = YES;
				ONLY_ACTIVE_ARCH = YES;
				SDKROOT = iphoneos;
				SWIFT_ACTIVE_COMPILATION_CONDITIONS = DEBUG;
				SWIFT_OPTIMIZATION_LEVEL = "-Onone";
			};
			name = Debug;
		};
		9B9B31972232065B0041BE8B /* Release */ = {
			isa = XCBuildConfiguration;
			buildSettings = {
				ALWAYS_SEARCH_USER_PATHS = NO;
				CLANG_ANALYZER_NONNULL = YES;
				CLANG_ANALYZER_NUMBER_OBJECT_CONVERSION = YES_AGGRESSIVE;
				CLANG_CXX_LANGUAGE_STANDARD = "gnu++14";
				CLANG_CXX_LIBRARY = "libc++";
				CLANG_ENABLE_MODULES = YES;
				CLANG_ENABLE_OBJC_ARC = YES;
				CLANG_ENABLE_OBJC_WEAK = YES;
				CLANG_WARN_BLOCK_CAPTURE_AUTORELEASING = YES;
				CLANG_WARN_BOOL_CONVERSION = YES;
				CLANG_WARN_COMMA = YES;
				CLANG_WARN_CONSTANT_CONVERSION = YES;
				CLANG_WARN_DEPRECATED_OBJC_IMPLEMENTATIONS = YES;
				CLANG_WARN_DIRECT_OBJC_ISA_USAGE = YES_ERROR;
				CLANG_WARN_DOCUMENTATION_COMMENTS = YES;
				CLANG_WARN_EMPTY_BODY = YES;
				CLANG_WARN_ENUM_CONVERSION = YES;
				CLANG_WARN_INFINITE_RECURSION = YES;
				CLANG_WARN_INT_CONVERSION = YES;
				CLANG_WARN_NON_LITERAL_NULL_CONVERSION = YES;
				CLANG_WARN_OBJC_IMPLICIT_RETAIN_SELF = YES;
				CLANG_WARN_OBJC_LITERAL_CONVERSION = YES;
				CLANG_WARN_OBJC_ROOT_CLASS = YES_ERROR;
				CLANG_WARN_RANGE_LOOP_ANALYSIS = YES;
				CLANG_WARN_STRICT_PROTOTYPES = YES;
				CLANG_WARN_SUSPICIOUS_MOVE = YES;
				CLANG_WARN_UNGUARDED_AVAILABILITY = YES_AGGRESSIVE;
				CLANG_WARN_UNREACHABLE_CODE = YES;
				CLANG_WARN__DUPLICATE_METHOD_MATCH = YES;
				CODE_SIGN_IDENTITY = "iPhone Developer";
				COPY_PHASE_STRIP = NO;
				DEBUG_INFORMATION_FORMAT = "dwarf-with-dsym";
				ENABLE_NS_ASSERTIONS = NO;
				ENABLE_STRICT_OBJC_MSGSEND = YES;
				GCC_C_LANGUAGE_STANDARD = gnu11;
				GCC_NO_COMMON_BLOCKS = YES;
				GCC_WARN_64_TO_32_BIT_CONVERSION = YES;
				GCC_WARN_ABOUT_RETURN_TYPE = YES_ERROR;
				GCC_WARN_UNDECLARED_SELECTOR = YES;
				GCC_WARN_UNINITIALIZED_AUTOS = YES_AGGRESSIVE;
				GCC_WARN_UNUSED_FUNCTION = YES;
				GCC_WARN_UNUSED_VARIABLE = YES;
				IPHONEOS_DEPLOYMENT_TARGET = 12.1;
				MTL_ENABLE_DEBUG_INFO = NO;
				MTL_FAST_MATH = YES;
				SDKROOT = iphoneos;
				SWIFT_COMPILATION_MODE = wholemodule;
				SWIFT_OPTIMIZATION_LEVEL = "-O";
				VALIDATE_PRODUCT = YES;
			};
			name = Release;
		};
		9B9B31992232065B0041BE8B /* Debug */ = {
			isa = XCBuildConfiguration;
			baseConfigurationReference = A0D5B870111A9D14507321A8 /* Pods-Shopping App.debug.xcconfig */;
			buildSettings = {
				ASSETCATALOG_COMPILER_APPICON_NAME = AppIcon;
				CODE_SIGN_STYLE = Automatic;
				INFOPLIST_FILE = "Shopping App/Info.plist";
				LD_RUNPATH_SEARCH_PATHS = (
					"$(inherited)",
					"@executable_path/Frameworks",
				);
				PRODUCT_BUNDLE_IDENTIFIER = "com.ShopingApp.Shopping-App";
				PRODUCT_NAME = "$(TARGET_NAME)";
				SWIFT_VERSION = 4.2;
				TARGETED_DEVICE_FAMILY = "1,2";
			};
			name = Debug;
		};
		9B9B319A2232065B0041BE8B /* Release */ = {
			isa = XCBuildConfiguration;
			baseConfigurationReference = 26A092D92CF701E7AE9D13CF /* Pods-Shopping App.release.xcconfig */;
			buildSettings = {
				ASSETCATALOG_COMPILER_APPICON_NAME = AppIcon;
				CODE_SIGN_STYLE = Automatic;
				INFOPLIST_FILE = "Shopping App/Info.plist";
				LD_RUNPATH_SEARCH_PATHS = (
					"$(inherited)",
					"@executable_path/Frameworks",
				);
				PRODUCT_BUNDLE_IDENTIFIER = "com.ShopingApp.Shopping-App";
				PRODUCT_NAME = "$(TARGET_NAME)";
				SWIFT_VERSION = 4.2;
				TARGETED_DEVICE_FAMILY = "1,2";
			};
			name = Release;
		};
/* End XCBuildConfiguration section */

/* Begin XCConfigurationList section */
		9B9B31812232065A0041BE8B /* Build configuration list for PBXProject "Shopping App" */ = {
			isa = XCConfigurationList;
			buildConfigurations = (
				9B9B31962232065B0041BE8B /* Debug */,
				9B9B31972232065B0041BE8B /* Release */,
			);
			defaultConfigurationIsVisible = 0;
			defaultConfigurationName = Release;
		};
		9B9B31982232065B0041BE8B /* Build configuration list for PBXNativeTarget "Shopping App" */ = {
			isa = XCConfigurationList;
			buildConfigurations = (
				9B9B31992232065B0041BE8B /* Debug */,
				9B9B319A2232065B0041BE8B /* Release */,
			);
			defaultConfigurationIsVisible = 0;
			defaultConfigurationName = Release;
		};
/* End XCConfigurationList section */
	};
	rootObject = 9B9B317E2232065A0041BE8B /* Project object */;
}
